
Microsoft Visual Studio Solution File, Format Version 12.00
# Visual Studio Version 17
VisualStudioVersion = 17.5.33516.290
MinimumVisualStudioVersion = 10.0.40219.1
Project("{FAE04EC0-301F-11D3-BF4B-00C04F79EFBC}") = "Users", "Users.csproj", "{9F527D22-A2A7-4CCD-B4A9-9124301F32CD}"
EndProject
Global
	GlobalSection(SolutionConfigurationPlatforms) = preSolution
		Debug|Any CPU = Debug|Any CPU
		Release|Any CPU = Release|Any CPU
	EndGlobalSection
	GlobalSection(ProjectConfigurationPlatforms) = postSolution
		{9F527D22-A2A7-4CCD-B4A9-9124301F32CD}.Debug|Any CPU.ActiveCfg = Debug|Any CPU
		{9F527D22-A2A7-4CCD-B4A9-9124301F32CD}.Debug|Any CPU.Build.0 = Debug|Any CPU
		{9F527D22-A2A7-4CCD-B4A9-9124301F32CD}.Release|Any CPU.ActiveCfg = Release|Any CPU
		{9F527D22-A2A7-4CCD-B4A9-9124301F32CD}.Release|Any CPU.Build.0 = Release|Any CPU
	EndGlobalSection
	GlobalSection(SolutionProperties) = preSolution
		HideSolutionNode = FALSE
	EndGlobalSection
	GlobalSection(ExtensibilityGlobals) = postSolution
		SolutionGuid = {1DE5D50D-1185-452F-A9B6-6BD7320453B8}
	EndGlobalSection
EndGlobal
