
Microsoft Visual Studio Solution File, Format Version 12.00
# Visual Studio Version 17
VisualStudioVersion = 17.5.33516.290
MinimumVisualStudioVersion = 10.0.40219.1
Project("{FAE04EC0-301F-11D3-BF4B-00C04F79EFBC}") = "Editors", "Editors.csproj", "{53BFE1B1-1FBC-4C3D-A3A7-F5E7181220DE}"
EndProject
Global
	GlobalSection(SolutionConfigurationPlatforms) = preSolution
		Debug|Any CPU = Debug|Any CPU
		Release|Any CPU = Release|Any CPU
	EndGlobalSection
	GlobalSection(ProjectConfigurationPlatforms) = postSolution
		{53BFE1B1-1FBC-4C3D-A3A7-F5E7181220DE}.Debug|Any CPU.ActiveCfg = Debug|Any CPU
		{53BFE1B1-1FBC-4C3D-A3A7-F5E7181220DE}.Debug|Any CPU.Build.0 = Debug|Any CPU
		{53BFE1B1-1FBC-4C3D-A3A7-F5E7181220DE}.Release|Any CPU.ActiveCfg = Release|Any CPU
		{53BFE1B1-1FBC-4C3D-A3A7-F5E7181220DE}.Release|Any CPU.Build.0 = Release|Any CPU
	EndGlobalSection
	GlobalSection(SolutionProperties) = preSolution
		HideSolutionNode = FALSE
	EndGlobalSection
	GlobalSection(ExtensibilityGlobals) = postSolution
		SolutionGuid = {5BEF3151-D987-4668-A420-41245AA41928}
	EndGlobalSection
EndGlobal
