
Microsoft Visual Studio Solution File, Format Version 12.00
# Visual Studio Version 17
VisualStudioVersion = 17.5.33516.290
MinimumVisualStudioVersion = 10.0.40219.1
Project("{FAE04EC0-301F-11D3-BF4B-00C04F79EFBC}") = "DebuggingInVisualStudio", "DebuggingInVisualStudio.csproj", "{EE8085A2-8775-4480-8E14-47D0B0893663}"
EndProject
Global
	GlobalSection(SolutionConfigurationPlatforms) = preSolution
		Debug|Any CPU = Debug|Any CPU
		Release|Any CPU = Release|Any CPU
	EndGlobalSection
	GlobalSection(ProjectConfigurationPlatforms) = postSolution
		{EE8085A2-8775-4480-8E14-47D0B0893663}.Debug|Any CPU.ActiveCfg = Debug|Any CPU
		{EE8085A2-8775-4480-8E14-47D0B0893663}.Debug|Any CPU.Build.0 = Debug|Any CPU
		{EE8085A2-8775-4480-8E14-47D0B0893663}.Release|Any CPU.ActiveCfg = Release|Any CPU
		{EE8085A2-8775-4480-8E14-47D0B0893663}.Release|Any CPU.Build.0 = Release|Any CPU
	EndGlobalSection
	GlobalSection(SolutionProperties) = preSolution
		HideSolutionNode = FALSE
	EndGlobalSection
	GlobalSection(ExtensibilityGlobals) = postSolution
		SolutionGuid = {1D4C14FC-F068-4432-8D5E-72E81A9ECF81}
	EndGlobalSection
EndGlobal
